
Microsoft Visual Studio Solution File, Format Version 12.00
# Visual Studio Version 17
VisualStudioVersion = 17.0.31903.59
MinimumVisualStudioVersion = 10.0.40219.1
Project("{2150E333-8FDC-42A3-9474-1A3956D46DE8}") = "src", "src", "{827E0CD3-B72D-47B6-A68D-7590B98EB39B}"
EndProject
Project("{FAE04EC0-301F-11D3-BF4B-00C04F79EFBC}") = "SagaOrchestrator", "src\SagaOrchestrator\SagaOrchestrator.csproj", "{F409574C-A99F-43ED-9A16-998531E68045}"
EndProject
Project("{FAE04EC0-301F-11D3-BF4B-00C04F79EFBC}") = "BookingService", "src\BookingService\BookingService.csproj", "{B36D9C00-67A0-4A4F-BC1B-1C541C3608FB}"
EndProject
Project("{FAE04EC0-301F-11D3-BF4B-00C04F79EFBC}") = "PaymentService", "src\PaymentService\PaymentService.csproj", "{B04959D2-9057-4A61-A8B9-A3B22D098170}"
EndProject
Project("{FAE04EC0-301F-11D3-BF4B-00C04F79EFBC}") = "RentalCarService", "src\RentalCarService\RentalCarService.csproj", "{30566199-AF93-4A96-99C6-995857E57015}"
EndProject
Project("{FAE04EC0-301F-11D3-BF4B-00C04F79EFBC}") = "NotificationService", "src\NotificationService\NotificationService.csproj", "{A02C622B-D838-494C-B79D-1D7322260FE8}"
EndProject
Global
	GlobalSection(SolutionConfigurationPlatforms) = preSolution
		Debug|Any CPU = Debug|Any CPU
		Debug|x64 = Debug|x64
		Debug|x86 = Debug|x86
		Release|Any CPU = Release|Any CPU
		Release|x64 = Release|x64
		Release|x86 = Release|x86
	EndGlobalSection
	GlobalSection(ProjectConfigurationPlatforms) = postSolution
		{F409574C-A99F-43ED-9A16-998531E68045}.Debug|Any CPU.ActiveCfg = Debug|Any CPU
		{F409574C-A99F-43ED-9A16-998531E68045}.Debug|Any CPU.Build.0 = Debug|Any CPU
		{F409574C-A99F-43ED-9A16-998531E68045}.Debug|x64.ActiveCfg = Debug|Any CPU
		{F409574C-A99F-43ED-9A16-998531E68045}.Debug|x64.Build.0 = Debug|Any CPU
		{F409574C-A99F-43ED-9A16-998531E68045}.Debug|x86.ActiveCfg = Debug|Any CPU
		{F409574C-A99F-43ED-9A16-998531E68045}.Debug|x86.Build.0 = Debug|Any CPU
		{F409574C-A99F-43ED-9A16-998531E68045}.Release|Any CPU.ActiveCfg = Release|Any CPU
		{F409574C-A99F-43ED-9A16-998531E68045}.Release|Any CPU.Build.0 = Release|Any CPU
		{F409574C-A99F-43ED-9A16-998531E68045}.Release|x64.ActiveCfg = Release|Any CPU
		{F409574C-A99F-43ED-9A16-998531E68045}.Release|x64.Build.0 = Release|Any CPU
		{F409574C-A99F-43ED-9A16-998531E68045}.Release|x86.ActiveCfg = Release|Any CPU
		{F409574C-A99F-43ED-9A16-998531E68045}.Release|x86.Build.0 = Release|Any CPU
		{B36D9C00-67A0-4A4F-BC1B-1C541C3608FB}.Debug|Any CPU.ActiveCfg = Debug|Any CPU
		{B36D9C00-67A0-4A4F-BC1B-1C541C3608FB}.Debug|Any CPU.Build.0 = Debug|Any CPU
		{B36D9C00-67A0-4A4F-BC1B-1C541C3608FB}.Debug|x64.ActiveCfg = Debug|Any CPU
		{B36D9C00-67A0-4A4F-BC1B-1C541C3608FB}.Debug|x64.Build.0 = Debug|Any CPU
		{B36D9C00-67A0-4A4F-BC1B-1C541C3608FB}.Debug|x86.ActiveCfg = Debug|Any CPU
		{B36D9C00-67A0-4A4F-BC1B-1C541C3608FB}.Debug|x86.Build.0 = Debug|Any CPU
		{B36D9C00-67A0-4A4F-BC1B-1C541C3608FB}.Release|Any CPU.ActiveCfg = Release|Any CPU
		{B36D9C00-67A0-4A4F-BC1B-1C541C3608FB}.Release|Any CPU.Build.0 = Release|Any CPU
		{B36D9C00-67A0-4A4F-BC1B-1C541C3608FB}.Release|x64.ActiveCfg = Release|Any CPU
		{B36D9C00-67A0-4A4F-BC1B-1C541C3608FB}.Release|x64.Build.0 = Release|Any CPU
		{B36D9C00-67A0-4A4F-BC1B-1C541C3608FB}.Release|x86.ActiveCfg = Release|Any CPU
		{B36D9C00-67A0-4A4F-BC1B-1C541C3608FB}.Release|x86.Build.0 = Release|Any CPU
		{B04959D2-9057-4A61-A8B9-A3B22D098170}.Debug|Any CPU.ActiveCfg = Debug|Any CPU
		{B04959D2-9057-4A61-A8B9-A3B22D098170}.Debug|Any CPU.Build.0 = Debug|Any CPU
		{B04959D2-9057-4A61-A8B9-A3B22D098170}.Debug|x64.ActiveCfg = Debug|Any CPU
		{B04959D2-9057-4A61-A8B9-A3B22D098170}.Debug|x64.Build.0 = Debug|Any CPU
		{B04959D2-9057-4A61-A8B9-A3B22D098170}.Debug|x86.ActiveCfg = Debug|Any CPU
		{B04959D2-9057-4A61-A8B9-A3B22D098170}.Debug|x86.Build.0 = Debug|Any CPU
		{B04959D2-9057-4A61-A8B9-A3B22D098170}.Release|Any CPU.ActiveCfg = Release|Any CPU
		{B04959D2-9057-4A61-A8B9-A3B22D098170}.Release|Any CPU.Build.0 = Release|Any CPU
		{B04959D2-9057-4A61-A8B9-A3B22D098170}.Release|x64.ActiveCfg = Release|Any CPU
		{B04959D2-9057-4A61-A8B9-A3B22D098170}.Release|x64.Build.0 = Release|Any CPU
		{B04959D2-9057-4A61-A8B9-A3B22D098170}.Release|x86.ActiveCfg = Release|Any CPU
		{B04959D2-9057-4A61-A8B9-A3B22D098170}.Release|x86.Build.0 = Release|Any CPU
		{30566199-AF93-4A96-99C6-995857E57015}.Debug|Any CPU.ActiveCfg = Debug|Any CPU
		{30566199-AF93-4A96-99C6-995857E57015}.Debug|Any CPU.Build.0 = Debug|Any CPU
		{30566199-AF93-4A96-99C6-995857E57015}.Debug|x64.ActiveCfg = Debug|Any CPU
		{30566199-AF93-4A96-99C6-995857E57015}.Debug|x64.Build.0 = Debug|Any CPU
		{30566199-AF93-4A96-99C6-995857E57015}.Debug|x86.ActiveCfg = Debug|Any CPU
		{30566199-AF93-4A96-99C6-995857E57015}.Debug|x86.Build.0 = Debug|Any CPU
		{30566199-AF93-4A96-99C6-995857E57015}.Release|Any CPU.ActiveCfg = Release|Any CPU
		{30566199-AF93-4A96-99C6-995857E57015}.Release|Any CPU.Build.0 = Release|Any CPU
		{30566199-AF93-4A96-99C6-995857E57015}.Release|x64.ActiveCfg = Release|Any CPU
		{30566199-AF93-4A96-99C6-995857E57015}.Release|x64.Build.0 = Release|Any CPU
		{30566199-AF93-4A96-99C6-995857E57015}.Release|x86.ActiveCfg = Release|Any CPU
		{30566199-AF93-4A96-99C6-995857E57015}.Release|x86.Build.0 = Release|Any CPU
		{A02C622B-D838-494C-B79D-1D7322260FE8}.Debug|Any CPU.ActiveCfg = Debug|Any CPU
		{A02C622B-D838-494C-B79D-1D7322260FE8}.Debug|Any CPU.Build.0 = Debug|Any CPU
		{A02C622B-D838-494C-B79D-1D7322260FE8}.Debug|x64.ActiveCfg = Debug|Any CPU
		{A02C622B-D838-494C-B79D-1D7322260FE8}.Debug|x64.Build.0 = Debug|Any CPU
		{A02C622B-D838-494C-B79D-1D7322260FE8}.Debug|x86.ActiveCfg = Debug|Any CPU
		{A02C622B-D838-494C-B79D-1D7322260FE8}.Debug|x86.Build.0 = Debug|Any CPU
		{A02C622B-D838-494C-B79D-1D7322260FE8}.Release|Any CPU.ActiveCfg = Release|Any CPU
		{A02C622B-D838-494C-B79D-1D7322260FE8}.Release|Any CPU.Build.0 = Release|Any CPU
		{A02C622B-D838-494C-B79D-1D7322260FE8}.Release|x64.ActiveCfg = Release|Any CPU
		{A02C622B-D838-494C-B79D-1D7322260FE8}.Release|x64.Build.0 = Release|Any CPU
		{A02C622B-D838-494C-B79D-1D7322260FE8}.Release|x86.ActiveCfg = Release|Any CPU
		{A02C622B-D838-494C-B79D-1D7322260FE8}.Release|x86.Build.0 = Release|Any CPU
	EndGlobalSection
	GlobalSection(SolutionProperties) = preSolution
		HideSolutionNode = FALSE
	EndGlobalSection
	GlobalSection(NestedProjects) = preSolution
		{F409574C-A99F-43ED-9A16-998531E68045} = {827E0CD3-B72D-47B6-A68D-7590B98EB39B}
		{B36D9C00-67A0-4A4F-BC1B-1C541C3608FB} = {827E0CD3-B72D-47B6-A68D-7590B98EB39B}
		{B04959D2-9057-4A61-A8B9-A3B22D098170} = {827E0CD3-B72D-47B6-A68D-7590B98EB39B}
		{30566199-AF93-4A96-99C6-995857E57015} = {827E0CD3-B72D-47B6-A68D-7590B98EB39B}
		{A02C622B-D838-494C-B79D-1D7322260FE8} = {827E0CD3-B72D-47B6-A68D-7590B98EB39B}
	EndGlobalSection
EndGlobal
